// !$*UTF8*$!
{
	archiveVersion = 1;
	classes = {
	};
	objectVersion = 46;
	objects = {

/* Begin PBXBuildFile section */
		8E0AB1EC1A9FDF8E00C0CAE3 /* main.m in Sources */ = {isa = PBXBuildFile; fileRef = 8E0AB1EB1A9FDF8E00C0CAE3 /* main.m */; };
		8E0AB1EF1A9FDF8E00C0CAE3 /* AppDelegate.m in Sources */ = {isa = PBXBuildFile; fileRef = 8E0AB1EE1A9FDF8E00C0CAE3 /* AppDelegate.m */; };
		8E0AB1F21A9FDF8E00C0CAE3 /* ViewController.m in Sources */ = {isa = PBXBuildFile; fileRef = 8E0AB1F11A9FDF8E00C0CAE3 /* ViewController.m */; };
		8E0AB1F51A9FDF8E00C0CAE3 /* Main.storyboard in Resources */ = {isa = PBXBuildFile; fileRef = 8E0AB1F31A9FDF8E00C0CAE3 /* Main.storyboard */; };
		8E0AB1F71A9FDF8E00C0CAE3 /* Images.xcassets in Resources */ = {isa = PBXBuildFile; fileRef = 8E0AB1F61A9FDF8E00C0CAE3 /* Images.xcassets */; };
		8E0AB1FA1A9FDF8E00C0CAE3 /* LaunchScreen.xib in Resources */ = {isa = PBXBuildFile; fileRef = 8E0AB1F81A9FDF8E00C0CAE3 /* LaunchScreen.xib */; };
		8E0AB2061A9FDF8E00C0CAE3 /* collectionViewTests.m in Sources */ = {isa = PBXBuildFile; fileRef = 8E0AB2051A9FDF8E00C0CAE3 /* collectionViewTests.m */; };
		8E0AB2111A9FE21B00C0CAE3 /* imageCollectionViewCell.m in Sources */ = {isa = PBXBuildFile; fileRef = 8E0AB2101A9FE21B00C0CAE3 /* imageCollectionViewCell.m */; };
/* End PBXBuildFile section */

/* Begin PBXContainerItemProxy section */
		8E0AB2001A9FDF8E00C0CAE3 /* PBXContainerItemProxy */ = {
			isa = PBXContainerItemProxy;
			containerPortal = 8E0AB1DE1A9FDF8E00C0CAE3 /* Project object */;
			proxyType = 1;
			remoteGlobalIDString = 8E0AB1E51A9FDF8E00C0CAE3;
			remoteInfo = collectionView;
		};
/* End PBXContainerItemProxy section */

/* Begin PBXFileReference section */
		8E0AB1E61A9FDF8E00C0CAE3 /* collectionView.app */ = {isa = PBXFileReference; explicitFileType = wrapper.application; includeInIndex = 0; path = collectionView.app; sourceTree = BUILT_PRODUCTS_DIR; };
		8E0AB1EA1A9FDF8E00C0CAE3 /* Info.plist */ = {isa = PBXFileReference; lastKnownFileType = text.plist.xml; path = Info.plist; sourceTree = "<group>"; };
		8E0AB1EB1A9FDF8E00C0CAE3 /* main.m */ = {isa = PBXFileReference; lastKnownFileType = sourcecode.c.objc; path = main.m; sourceTree = "<group>"; };
		8E0AB1ED1A9FDF8E00C0CAE3 /* AppDelegate.h */ = {isa = PBXFileReference; lastKnownFileType = sourcecode.c.h; path = AppDelegate.h; sourceTree = "<group>"; };
		8E0AB1EE1A9FDF8E00C0CAE3 /* AppDelegate.m */ = {isa = PBXFileReference; lastKnownFileType = sourcecode.c.objc; path = AppDelegate.m; sourceTree = "<group>"; };
		8E0AB1F01A9FDF8E00C0CAE3 /* ViewController.h */ = {isa = PBXFileReference; lastKnownFileType = sourcecode.c.h; path = ViewController.h; sourceTree = "<group>"; };
		8E0AB1F11A9FDF8E00C0CAE3 /* ViewController.m */ = {isa = PBXFileReference; lastKnownFileType = sourcecode.c.objc; path = ViewController.m; sourceTree = "<group>"; };
		8E0AB1F41A9FDF8E00C0CAE3 /* Base */ = {isa = PBXFileReference; lastKnownFileType = file.storyboard; name = Base; path = Base.lproj/Main.storyboard; sourceTree = "<group>"; };
		8E0AB1F61A9FDF8E00C0CAE3 /* Images.xcassets */ = {isa = PBXFileReference; lastKnownFileType = folder.assetcatalog; path = Images.xcassets; sourceTree = "<group>"; };
		8E0AB1F91A9FDF8E00C0CAE3 /* Base */ = {isa = PBXFileReference; lastKnownFileType = file.xib; name = Base; path = Base.lproj/LaunchScreen.xib; sourceTree = "<group>"; };
		8E0AB1FF1A9FDF8E00C0CAE3 /* collectionViewTests.xctest */ = {isa = PBXFileReference; explicitFileType = wrapper.cfbundle; includeInIndex = 0; path = collectionViewTests.xctest; sourceTree = BUILT_PRODUCTS_DIR; };
		8E0AB2041A9FDF8E00C0CAE3 /* Info.plist */ = {isa = PBXFileReference; lastKnownFileType = text.plist.xml; path = Info.plist; sourceTree = "<group>"; };
		8E0AB2051A9FDF8E00C0CAE3 /* collectionViewTests.m */ = {isa = PBXFileReference; lastKnownFileType = sourcecode.c.objc; path = collectionViewTests.m; sourceTree = "<group>"; };
		8E0AB20F1A9FE21B00C0CAE3 /* imageCollectionViewCell.h */ = {isa = PBXFileReference; fileEncoding = 4; lastKnownFileType = sourcecode.c.h; path = imageCollectionViewCell.h; sourceTree = "<group>"; };
		8E0AB2101A9FE21B00C0CAE3 /* imageCollectionViewCell.m */ = {isa = PBXFileReference; fileEncoding = 4; lastKnownFileType = sourcecode.c.objc; path = imageCollectionViewCell.m; sourceTree = "<group>"; };
/* End PBXFileReference section */

/* Begin PBXFrameworksBuildPhase section */
		8E0AB1E31A9FDF8E00C0CAE3 /* Frameworks */ = {
			isa = PBXFrameworksBuildPhase;
			buildActionMask = 2147483647;
			files = (
			);
			runOnlyForDeploymentPostprocessing = 0;
		};
		8E0AB1FC1A9FDF8E00C0CAE3 /* Frameworks */ = {
			isa = PBXFrameworksBuildPhase;
			buildActionMask = 2147483647;
			files = (
			);
			runOnlyForDeploymentPostprocessing = 0;
		};
/* End PBXFrameworksBuildPhase section */

/* Begin PBXGroup section */
		8E0AB1DD1A9FDF8E00C0CAE3 = {
			isa = PBXGroup;
			children = (
				8E0AB1E81A9FDF8E00C0CAE3 /* collectionView */,
				8E0AB2021A9FDF8E00C0CAE3 /* collectionViewTests */,
				8E0AB1E71A9FDF8E00C0CAE3 /* Products */,
			);
			sourceTree = "<group>";
		};
		8E0AB1E71A9FDF8E00C0CAE3 /* Products */ = {
			isa = PBXGroup;
			children = (
				8E0AB1E61A9FDF8E00C0CAE3 /* collectionView.app */,
				8E0AB1FF1A9FDF8E00C0CAE3 /* collectionViewTests.xctest */,
			);
			name = Products;
			sourceTree = "<group>";
		};
		8E0AB1E81A9FDF8E00C0CAE3 /* collectionView */ = {
			isa = PBXGroup;
			children = (
				8E0AB1ED1A9FDF8E00C0CAE3 /* AppDelegate.h */,
				8E0AB1EE1A9FDF8E00C0CAE3 /* AppDelegate.m */,
				8E0AB1F01A9FDF8E00C0CAE3 /* ViewController.h */,
				8E0AB1F11A9FDF8E00C0CAE3 /* ViewController.m */,
				8E0AB20F1A9FE21B00C0CAE3 /* imageCollectionViewCell.h */,
				8E0AB2101A9FE21B00C0CAE3 /* imageCollectionViewCell.m */,
				8E0AB1F31A9FDF8E00C0CAE3 /* Main.storyboard */,
				8E0AB1F61A9FDF8E00C0CAE3 /* Images.xcassets */,
				8E0AB1F81A9FDF8E00C0CAE3 /* LaunchScreen.xib */,
				8E0AB1E91A9FDF8E00C0CAE3 /* Supporting Files */,
			);
			path = collectionView;
			sourceTree = "<group>";
		};
		8E0AB1E91A9FDF8E00C0CAE3 /* Supporting Files */ = {
			isa = PBXGroup;
			children = (
				8E0AB1EA1A9FDF8E00C0CAE3 /* Info.plist */,
				8E0AB1EB1A9FDF8E00C0CAE3 /* main.m */,
			);
			name = "Supporting Files";
			sourceTree = "<group>";
		};
		8E0AB2021A9FDF8E00C0CAE3 /* collectionViewTests */ = {
			isa = PBXGroup;
			children = (
				8E0AB2051A9FDF8E00C0CAE3 /* collectionViewTests.m */,
				8E0AB2031A9FDF8E00C0CAE3 /* Supporting Files */,
			);
			path = collectionViewTests;
			sourceTree = "<group>";
		};
		8E0AB2031A9FDF8E00C0CAE3 /* Supporting Files */ = {
			isa = PBXGroup;
			children = (
				8E0AB2041A9FDF8E00C0CAE3 /* Info.plist */,
			);
			name = "Supporting Files";
			sourceTree = "<group>";
		};
/* End PBXGroup section */

/* Begin PBXNativeTarget section */
		8E0AB1E51A9FDF8E00C0CAE3 /* collectionView */ = {
			isa = PBXNativeTarget;
			buildConfigurationList = 8E0AB2091A9FDF8E00C0CAE3 /* Build configuration list for PBXNativeTarget "collectionView" */;
			buildPhases = (
				8E0AB1E21A9FDF8E00C0CAE3 /* Sources */,
				8E0AB1E31A9FDF8E00C0CAE3 /* Frameworks */,
				8E0AB1E41A9FDF8E00C0CAE3 /* Resources */,
			);
			buildRules = (
			);
			dependencies = (
			);
			name = collectionView;
			productName = collectionView;
			productReference = 8E0AB1E61A9FDF8E00C0CAE3 /* collectionView.app */;
			productType = "com.apple.product-type.application";
		};
		8E0AB1FE1A9FDF8E00C0CAE3 /* collectionViewTests */ = {
			isa = PBXNativeTarget;
			buildConfigurationList = 8E0AB20C1A9FDF8E00C0CAE3 /* Build configuration list for PBXNativeTarget "collectionViewTests" */;
			buildPhases = (
				8E0AB1FB1A9FDF8E00C0CAE3 /* Sources */,
				8E0AB1FC1A9FDF8E00C0CAE3 /* Frameworks */,
				8E0AB1FD1A9FDF8E00C0CAE3 /* Resources */,
			);
			buildRules = (
			);
			dependencies = (
				8E0AB2011A9FDF8E00C0CAE3 /* PBXTargetDependency */,
			);
			name = collectionViewTests;
			productName = collectionViewTests;
			productReference = 8E0AB1FF1A9FDF8E00C0CAE3 /* collectionViewTests.xctest */;
			productType = "com.apple.product-type.bundle.unit-test";
		};
/* End PBXNativeTarget section */

/* Begin PBXProject section */
		8E0AB1DE1A9FDF8E00C0CAE3 /* Project object */ = {
			isa = PBXProject;
			attributes = {
				LastUpgradeCheck = 0610;
				ORGANIZATIONNAME = DK;
				TargetAttributes = {
					8E0AB1E51A9FDF8E00C0CAE3 = {
						CreatedOnToolsVersion = 6.1;
					};
					8E0AB1FE1A9FDF8E00C0CAE3 = {
						CreatedOnToolsVersion = 6.1;
						TestTargetID = 8E0AB1E51A9FDF8E00C0CAE3;
					};
				};
			};
			buildConfigurationList = 8E0AB1E11A9FDF8E00C0CAE3 /* Build configuration list for PBXProject "collectionView" */;
			compatibilityVersion = "Xcode 3.2";
			developmentRegion = English;
			hasScannedForEncodings = 0;
			knownRegions = (
				en,
				Base,
			);
			mainGroup = 8E0AB1DD1A9FDF8E00C0CAE3;
			productRefGroup = 8E0AB1E71A9FDF8E00C0CAE3 /* Products */;
			projectDirPath = "";
			projectRoot = "";
			targets = (
				8E0AB1E51A9FDF8E00C0CAE3 /* collectionView */,
				8E0AB1FE1A9FDF8E00C0CAE3 /* collectionViewTests */,
			);
		};
/* End PBXProject section */

/* Begin PBXResourcesBuildPhase section */
		8E0AB1E41A9FDF8E00C0CAE3 /* Resources */ = {
			isa = PBXResourcesBuildPhase;
			buildActionMask = 2147483647;
			files = (
				8E0AB1F51A9FDF8E00C0CAE3 /* Main.storyboard in Resources */,
				8E0AB1FA1A9FDF8E00C0CAE3 /* LaunchScreen.xib in Resources */,
				8E0AB1F71A9FDF8E00C0CAE3 /* Images.xcassets in Resources */,
			);
			runOnlyForDeploymentPostprocessing = 0;
		};
		8E0AB1FD1A9FDF8E00C0CAE3 /* Resources */ = {
			isa = PBXResourcesBuildPhase;
			buildActionMask = 2147483647;
			files = (
			);
			runOnlyForDeploymentPostprocessing = 0;
		};
/* End PBXResourcesBuildPhase section */

/* Begin PBXSourcesBuildPhase section */
		8E0AB1E21A9FDF8E00C0CAE3 /* Sources */ = {
			isa = PBXSourcesBuildPhase;
			buildActionMask = 2147483647;
			files = (
				8E0AB1F21A9FDF8E00C0CAE3 /* ViewController.m in Sources */,
				8E0AB1EF1A9FDF8E00C0CAE3 /* AppDelegate.m in Sources */,
				8E0AB2111A9FE21B00C0CAE3 /* imageCollectionViewCell.m in Sources */,
				8E0AB1EC1A9FDF8E00C0CAE3 /* main.m in Sources */,
			);
			runOnlyForDeploymentPostprocessing = 0;
		};
		8E0AB1FB1A9FDF8E00C0CAE3 /* Sources */ = {
			isa = PBXSourcesBuildPhase;
			buildActionMask = 2147483647;
			files = (
				8E0AB2061A9FDF8E00C0CAE3 /* collectionViewTests.m in Sources */,
			);
			runOnlyForDeploymentPostprocessing = 0;
		};
/* End PBXSourcesBuildPhase section */

/* Begin PBXTargetDependency section */
		8E0AB2011A9FDF8E00C0CAE3 /* PBXTargetDependency */ = {
			isa = PBXTargetDependency;
			target = 8E0AB1E51A9FDF8E00C0CAE3 /* collectionView */;
			targetProxy = 8E0AB2001A9FDF8E00C0CAE3 /* PBXContainerItemProxy */;
		};
/* End PBXTargetDependency section */

/* Begin PBXVariantGroup section */
		8E0AB1F31A9FDF8E00C0CAE3 /* Main.storyboard */ = {
			isa = PBXVariantGroup;
			children = (
				8E0AB1F41A9FDF8E00C0CAE3 /* Base */,
			);
			name = Main.storyboard;
			sourceTree = "<group>";
		};
		8E0AB1F81A9FDF8E00C0CAE3 /* LaunchScreen.xib */ = {
			isa = PBXVariantGroup;
			children = (
				8E0AB1F91A9FDF8E00C0CAE3 /* Base */,
			);
			name = LaunchScreen.xib;
			sourceTree = "<group>";
		};
/* End PBXVariantGroup section */

/* Begin XCBuildConfiguration section */
		8E0AB2071A9FDF8E00C0CAE3 /* Debug */ = {
			isa = XCBuildConfiguration;
			buildSettings = {
				ALWAYS_SEARCH_USER_PATHS = NO;
				CLANG_CXX_LANGUAGE_STANDARD = "gnu++0x";
				CLANG_CXX_LIBRARY = "libc++";
				CLANG_ENABLE_MODULES = YES;
				CLANG_ENABLE_OBJC_ARC = YES;
				CLANG_WARN_BOOL_CONVERSION = YES;
				CLANG_WARN_CONSTANT_CONVERSION = YES;
				CLANG_WARN_DIRECT_OBJC_ISA_USAGE = YES_ERROR;
				CLANG_WARN_EMPTY_BODY = YES;
				CLANG_WARN_ENUM_CONVERSION = YES;
				CLANG_WARN_INT_CONVERSION = YES;
				CLANG_WARN_OBJC_ROOT_CLASS = YES_ERROR;
				CLANG_WARN_UNREACHABLE_CODE = YES;
				CLANG_WARN__DUPLICATE_METHOD_MATCH = YES;
				"CODE_SIGN_IDENTITY[sdk=iphoneos*]" = "iPhone Developer";
				COPY_PHASE_STRIP = NO;
				ENABLE_STRICT_OBJC_MSGSEND = YES;
				GCC_C_LANGUAGE_STANDARD = gnu99;
				GCC_DYNAMIC_NO_PIC = NO;
				GCC_OPTIMIZATION_LEVEL = 0;
				GCC_PREPROCESSOR_DEFINITIONS = (
					"DEBUG=1",
					"$(inherited)",
				);
				GCC_SYMBOLS_PRIVATE_EXTERN = NO;
				GCC_WARN_64_TO_32_BIT_CONVERSION = YES;
				GCC_WARN_ABOUT_RETURN_TYPE = YES_ERROR;
				GCC_WARN_UNDECLARED_SELECTOR = YES;
				GCC_WARN_UNINITIALIZED_AUTOS = YES_AGGRESSIVE;
				GCC_WARN_UNUSED_FUNCTION = YES;
				GCC_WARN_UNUSED_VARIABLE = YES;
				IPHONEOS_DEPLOYMENT_TARGET = 8.1;
				MTL_ENABLE_DEBUG_INFO = YES;
				ONLY_ACTIVE_ARCH = YES;
				SDKROOT = iphoneos;
				TARGETED_DEVICE_FAMILY = "1,2";
			};
			name = Debug;
		};
		8E0AB2081A9FDF8E00C0CAE3 /* Release */ = {
			isa = XCBuildConfiguration;
			buildSettings = {
				ALWAYS_SEARCH_USER_PATHS = NO;
				CLANG_CXX_LANGUAGE_STANDARD = "gnu++0x";
				CLANG_CXX_LIBRARY = "libc++";
				CLANG_ENABLE_MODULES = YES;
				CLANG_ENABLE_OBJC_ARC = YES;
				CLANG_WARN_BOOL_CONVERSION = YES;
				CLANG_WARN_CONSTANT_CONVERSION = YES;
				CLANG_WARN_DIRECT_OBJC_ISA_USAGE = YES_ERROR;
				CLANG_WARN_EMPTY_BODY = YES;
				CLANG_WARN_ENUM_CONVERSION = YES;
				CLANG_WARN_INT_CONVERSION = YES;
				CLANG_WARN_OBJC_ROOT_CLASS = YES_ERROR;
				CLANG_WARN_UNREACHABLE_CODE = YES;
				CLANG_WARN__DUPLICATE_METHOD_MATCH = YES;
				"CODE_SIGN_IDENTITY[sdk=iphoneos*]" = "iPhone Developer";
				COPY_PHASE_STRIP = YES;
				ENABLE_NS_ASSERTIONS = NO;
				ENABLE_STRICT_OBJC_MSGSEND = YES;
				GCC_C_LANGUAGE_STANDARD = gnu99;
				GCC_WARN_64_TO_32_BIT_CONVERSION = YES;
				GCC_WARN_ABOUT_RETURN_TYPE = YES_ERROR;
				GCC_WARN_UNDECLARED_SELECTOR = YES;
				GCC_WARN_UNINITIALIZED_AUTOS = YES_AGGRESSIVE;
				GCC_WARN_UNUSED_FUNCTION = YES;
				GCC_WARN_UNUSED_VARIABLE = YES;
				IPHONEOS_DEPLOYMENT_TARGET = 8.1;
				MTL_ENABLE_DEBUG_INFO = NO;
				SDKROOT = iphoneos;
				TARGETED_DEVICE_FAMILY = "1,2";
				VALIDATE_PRODUCT = YES;
			};
			name = Release;
		};
		8E0AB20A1A9FDF8E00C0CAE3 /* Debug */ = {
			isa = XCBuildConfiguration;
			buildSettings = {
				ASSETCATALOG_COMPILER_APPICON_NAME = AppIcon;
				INFOPLIST_FILE = collectionView/Info.plist;
				LD_RUNPATH_SEARCH_PATHS = "$(inherited) @executable_path/Frameworks";
				PRODUCT_NAME = "$(TARGET_NAME)";
			};
			name = Debug;
		};
		8E0AB20B1A9FDF8E00C0CAE3 /* Release */ = {
			isa = XCBuildConfiguration;
			buildSettings = {
				ASSETCATALOG_COMPILER_APPICON_NAME = AppIcon;
				INFOPLIST_FILE = collectionView/Info.plist;
				LD_RUNPATH_SEARCH_PATHS = "$(inherited) @executable_path/Frameworks";
				PRODUCT_NAME = "$(TARGET_NAME)";
			};
			name = Release;
		};
		8E0AB20D1A9FDF8E00C0CAE3 /* Debug */ = {
			isa = XCBuildConfiguration;
			buildSettings = {
				BUNDLE_LOADER = "$(TEST_HOST)";
				FRAMEWORK_SEARCH_PATHS = (
					"$(SDKROOT)/Developer/Library/Frameworks",
					"$(inherited)",
				);
				GCC_PREPROCESSOR_DEFINITIONS = (
					"DEBUG=1",
					"$(inherited)",
				);
				INFOPLIST_FILE = collectionViewTests/Info.plist;
				LD_RUNPATH_SEARCH_PATHS = "$(inherited) @executable_path/Frameworks @loader_path/Frameworks";
				PRODUCT_NAME = "$(TARGET_NAME)";
				TEST_HOST = "$(BUILT_PRODUCTS_DIR)/collectionView.app/collectionView";
			};
			name = Debug;
		};
		8E0AB20E1A9FDF8E00C0CAE3 /* Release */ = {
			isa = XCBuildConfiguration;
			buildSettings = {
				BUNDLE_LOADER = "$(TEST_HOST)";
				FRAMEWORK_SEARCH_PATHS = (
					"$(SDKROOT)/Developer/Library/Frameworks",
					"$(inherited)",
				);
				INFOPLIST_FILE = collectionViewTests/Info.plist;
				LD_RUNPATH_SEARCH_PATHS = "$(inherited) @executable_path/Frameworks @loader_path/Frameworks";
				PRODUCT_NAME = "$(TARGET_NAME)";
				TEST_HOST = "$(BUILT_PRODUCTS_DIR)/collectionView.app/collectionView";
			};
			name = Release;
		};
/* End XCBuildConfiguration section */

/* Begin XCConfigurationList section */
		8E0AB1E11A9FDF8E00C0CAE3 /* Build configuration list for PBXProject "collectionView" */ = {
			isa = XCConfigurationList;
			buildConfigurations = (
				8E0AB2071A9FDF8E00C0CAE3 /* Debug */,
				8E0AB2081A9FDF8E00C0CAE3 /* Release */,
			);
			defaultConfigurationIsVisible = 0;
			defaultConfigurationName = Release;
		};
		8E0AB2091A9FDF8E00C0CAE3 /* Build configuration list for PBXNativeTarget "collectionView" */ = {
			isa = XCConfigurationList;
			buildConfigurations = (
				8E0AB20A1A9FDF8E00C0CAE3 /* Debug */,
				8E0AB20B1A9FDF8E00C0CAE3 /* Release */,
			);
			defaultConfigurationIsVisible = 0;
		};
		8E0AB20C1A9FDF8E00C0CAE3 /* Build configuration list for PBXNativeTarget "collectionViewTests" */ = {
			isa = XCConfigurationList;
			buildConfigurations = (
				8E0AB20D1A9FDF8E00C0CAE3 /* Debug */,
				8E0AB20E1A9FDF8E00C0CAE3 /* Release */,
			);
			defaultConfigurationIsVisible = 0;
		};
/* End XCConfigurationList section */
	};
	rootObject = 8E0AB1DE1A9FDF8E00C0CAE3 /* Project object */;
}
