// !$*UTF8*$!
{
	archiveVersion = 1;
	classes = {
	};
	objectVersion = 46;
	objects = {

/* Begin PBXBuildFile section */
		8B03F22217DA603100851139 /* UIKit.framework in Frameworks */ = {isa = PBXBuildFile; fileRef = 8B03F22117DA603100851139 /* UIKit.framework */; };
		8B03F22417DA603100851139 /* Foundation.framework in Frameworks */ = {isa = PBXBuildFile; fileRef = 8B03F22317DA603100851139 /* Foundation.framework */; };
		8B03F22617DA603100851139 /* CoreGraphics.framework in Frameworks */ = {isa = PBXBuildFile; fileRef = 8B03F22517DA603100851139 /* CoreGraphics.framework */; };
		8B03F22C17DA603100851139 /* InfoPlist.strings in Resources */ = {isa = PBXBuildFile; fileRef = 8B03F22A17DA603100851139 /* InfoPlist.strings */; };
		8B03F22E17DA603100851139 /* main.m in Sources */ = {isa = PBXBuildFile; fileRef = 8B03F22D17DA603100851139 /* main.m */; };
		8B03F23217DA603100851139 /* AppDelegate.m in Sources */ = {isa = PBXBuildFile; fileRef = 8B03F23117DA603100851139 /* AppDelegate.m */; };
		8B03F23417DA603100851139 /* Default.png in Resources */ = {isa = PBXBuildFile; fileRef = 8B03F23317DA603100851139 /* Default.png */; };
		8B03F23617DA603100851139 /* Default@2x.png in Resources */ = {isa = PBXBuildFile; fileRef = 8B03F23517DA603100851139 /* Default@2x.png */; };
		8B03F23817DA603200851139 /* Default-568h@2x.png in Resources */ = {isa = PBXBuildFile; fileRef = 8B03F23717DA603200851139 /* Default-568h@2x.png */; };
		8B03F23B17DA603200851139 /* menuViewController.m in Sources */ = {isa = PBXBuildFile; fileRef = 8B03F23A17DA603200851139 /* menuViewController.m */; };
		8B03F23E17DA603200851139 /* menuViewController_iPhone.xib in Resources */ = {isa = PBXBuildFile; fileRef = 8B03F23C17DA603200851139 /* menuViewController_iPhone.xib */; };
		8B03F24117DA603200851139 /* menuViewController_iPad.xib in Resources */ = {isa = PBXBuildFile; fileRef = 8B03F23F17DA603200851139 /* menuViewController_iPad.xib */; };
/* End PBXBuildFile section */

/* Begin PBXFileReference section */
		8B03F21E17DA603100851139 /* FrontTableView.app */ = {isa = PBXFileReference; explicitFileType = wrapper.application; includeInIndex = 0; path = FrontTableView.app; sourceTree = BUILT_PRODUCTS_DIR; };
		8B03F22117DA603100851139 /* UIKit.framework */ = {isa = PBXFileReference; lastKnownFileType = wrapper.framework; name = UIKit.framework; path = System/Library/Frameworks/UIKit.framework; sourceTree = SDKROOT; };
		8B03F22317DA603100851139 /* Foundation.framework */ = {isa = PBXFileReference; lastKnownFileType = wrapper.framework; name = Foundation.framework; path = System/Library/Frameworks/Foundation.framework; sourceTree = SDKROOT; };
		8B03F22517DA603100851139 /* CoreGraphics.framework */ = {isa = PBXFileReference; lastKnownFileType = wrapper.framework; name = CoreGraphics.framework; path = System/Library/Frameworks/CoreGraphics.framework; sourceTree = SDKROOT; };
		8B03F22917DA603100851139 /* FrontTableView-Info.plist */ = {isa = PBXFileReference; lastKnownFileType = text.plist.xml; path = "FrontTableView-Info.plist"; sourceTree = "<group>"; };
		8B03F22B17DA603100851139 /* en */ = {isa = PBXFileReference; lastKnownFileType = text.plist.strings; name = en; path = en.lproj/InfoPlist.strings; sourceTree = "<group>"; };
		8B03F22D17DA603100851139 /* main.m */ = {isa = PBXFileReference; lastKnownFileType = sourcecode.c.objc; path = main.m; sourceTree = "<group>"; };
		8B03F22F17DA603100851139 /* FrontTableView-Prefix.pch */ = {isa = PBXFileReference; lastKnownFileType = sourcecode.c.h; path = "FrontTableView-Prefix.pch"; sourceTree = "<group>"; };
		8B03F23017DA603100851139 /* AppDelegate.h */ = {isa = PBXFileReference; lastKnownFileType = sourcecode.c.h; path = AppDelegate.h; sourceTree = "<group>"; };
		8B03F23117DA603100851139 /* AppDelegate.m */ = {isa = PBXFileReference; lastKnownFileType = sourcecode.c.objc; path = AppDelegate.m; sourceTree = "<group>"; };
		8B03F23317DA603100851139 /* Default.png */ = {isa = PBXFileReference; lastKnownFileType = image.png; path = Default.png; sourceTree = "<group>"; };
		8B03F23517DA603100851139 /* Default@2x.png */ = {isa = PBXFileReference; lastKnownFileType = image.png; path = "Default@2x.png"; sourceTree = "<group>"; };
		8B03F23717DA603200851139 /* Default-568h@2x.png */ = {isa = PBXFileReference; lastKnownFileType = image.png; path = "Default-568h@2x.png"; sourceTree = "<group>"; };
		8B03F23917DA603200851139 /* menuViewController.h */ = {isa = PBXFileReference; lastKnownFileType = sourcecode.c.h; path = menuViewController.h; sourceTree = "<group>"; };
		8B03F23A17DA603200851139 /* menuViewController.m */ = {isa = PBXFileReference; lastKnownFileType = sourcecode.c.objc; path = menuViewController.m; sourceTree = "<group>"; };
		8B03F23D17DA603200851139 /* en */ = {isa = PBXFileReference; lastKnownFileType = file.xib; name = en; path = en.lproj/menuViewController_iPhone.xib; sourceTree = "<group>"; };
		8B03F24017DA603200851139 /* en */ = {isa = PBXFileReference; lastKnownFileType = file.xib; name = en; path = en.lproj/menuViewController_iPad.xib; sourceTree = "<group>"; };
/* End PBXFileReference section */

/* Begin PBXFrameworksBuildPhase section */
		8B03F21B17DA603100851139 /* Frameworks */ = {
			isa = PBXFrameworksBuildPhase;
			buildActionMask = 2147483647;
			files = (
				8B03F22217DA603100851139 /* UIKit.framework in Frameworks */,
				8B03F22417DA603100851139 /* Foundation.framework in Frameworks */,
				8B03F22617DA603100851139 /* CoreGraphics.framework in Frameworks */,
			);
			runOnlyForDeploymentPostprocessing = 0;
		};
/* End PBXFrameworksBuildPhase section */

/* Begin PBXGroup section */
		8B03F21517DA603100851139 = {
			isa = PBXGroup;
			children = (
				8B03F24C17DA8F6500851139 /* Controller */,
				8B03F22717DA603100851139 /* FrontTableView */,
				8B03F22017DA603100851139 /* Frameworks */,
				8B03F21F17DA603100851139 /* Products */,
			);
			sourceTree = "<group>";
		};
		8B03F21F17DA603100851139 /* Products */ = {
			isa = PBXGroup;
			children = (
				8B03F21E17DA603100851139 /* FrontTableView.app */,
			);
			name = Products;
			sourceTree = "<group>";
		};
		8B03F22017DA603100851139 /* Frameworks */ = {
			isa = PBXGroup;
			children = (
				8B03F22117DA603100851139 /* UIKit.framework */,
				8B03F22317DA603100851139 /* Foundation.framework */,
				8B03F22517DA603100851139 /* CoreGraphics.framework */,
			);
			name = Frameworks;
			sourceTree = "<group>";
		};
		8B03F22717DA603100851139 /* FrontTableView */ = {
			isa = PBXGroup;
			children = (
				8B03F23017DA603100851139 /* AppDelegate.h */,
				8B03F23117DA603100851139 /* AppDelegate.m */,
				8B03F23917DA603200851139 /* menuViewController.h */,
				8B03F23A17DA603200851139 /* menuViewController.m */,
				8B03F23C17DA603200851139 /* menuViewController_iPhone.xib */,
				8B03F23F17DA603200851139 /* menuViewController_iPad.xib */,
				8B03F22817DA603100851139 /* Supporting Files */,
			);
			path = FrontTableView;
			sourceTree = "<group>";
		};
		8B03F22817DA603100851139 /* Supporting Files */ = {
			isa = PBXGroup;
			children = (
				8B03F22917DA603100851139 /* FrontTableView-Info.plist */,
				8B03F22A17DA603100851139 /* InfoPlist.strings */,
				8B03F22D17DA603100851139 /* main.m */,
				8B03F22F17DA603100851139 /* FrontTableView-Prefix.pch */,
				8B03F23317DA603100851139 /* Default.png */,
				8B03F23517DA603100851139 /* Default@2x.png */,
				8B03F23717DA603200851139 /* Default-568h@2x.png */,
			);
			name = "Supporting Files";
			sourceTree = "<group>";
		};
		8B03F24C17DA8F6500851139 /* Controller */ = {
			isa = PBXGroup;
			children = (
			);
			path = Controller;
			sourceTree = "<group>";
		};
/* End PBXGroup section */

/* Begin PBXNativeTarget section */
		8B03F21D17DA603100851139 /* FrontTableView */ = {
			isa = PBXNativeTarget;
			buildConfigurationList = 8B03F24417DA603200851139 /* Build configuration list for PBXNativeTarget "FrontTableView" */;
			buildPhases = (
				8B03F21A17DA603100851139 /* Sources */,
				8B03F21B17DA603100851139 /* Frameworks */,
				8B03F21C17DA603100851139 /* Resources */,
			);
			buildRules = (
			);
			dependencies = (
			);
			name = FrontTableView;
			productName = FrontTableView;
			productReference = 8B03F21E17DA603100851139 /* FrontTableView.app */;
			productType = "com.apple.product-type.application";
		};
/* End PBXNativeTarget section */

/* Begin PBXProject section */
		8B03F21617DA603100851139 /* Project object */ = {
			isa = PBXProject;
			attributes = {
				LastUpgradeCheck = 0460;
				ORGANIZATIONNAME = developer;
			};
			buildConfigurationList = 8B03F21917DA603100851139 /* Build configuration list for PBXProject "FrontTableView" */;
			compatibilityVersion = "Xcode 3.2";
			developmentRegion = English;
			hasScannedForEncodings = 0;
			knownRegions = (
				en,
			);
			mainGroup = 8B03F21517DA603100851139;
			productRefGroup = 8B03F21F17DA603100851139 /* Products */;
			projectDirPath = "";
			projectRoot = "";
			targets = (
				8B03F21D17DA603100851139 /* FrontTableView */,
			);
		};
/* End PBXProject section */

/* Begin PBXResourcesBuildPhase section */
		8B03F21C17DA603100851139 /* Resources */ = {
			isa = PBXResourcesBuildPhase;
			buildActionMask = 2147483647;
			files = (
				8B03F22C17DA603100851139 /* InfoPlist.strings in Resources */,
				8B03F23417DA603100851139 /* Default.png in Resources */,
				8B03F23617DA603100851139 /* Default@2x.png in Resources */,
				8B03F23817DA603200851139 /* Default-568h@2x.png in Resources */,
				8B03F23E17DA603200851139 /* menuViewController_iPhone.xib in Resources */,
				8B03F24117DA603200851139 /* menuViewController_iPad.xib in Resources */,
			);
			runOnlyForDeploymentPostprocessing = 0;
		};
/* End PBXResourcesBuildPhase section */

/* Begin PBXSourcesBuildPhase section */
		8B03F21A17DA603100851139 /* Sources */ = {
			isa = PBXSourcesBuildPhase;
			buildActionMask = 2147483647;
			files = (
				8B03F22E17DA603100851139 /* main.m in Sources */,
				8B03F23217DA603100851139 /* AppDelegate.m in Sources */,
				8B03F23B17DA603200851139 /* menuViewController.m in Sources */,
			);
			runOnlyForDeploymentPostprocessing = 0;
		};
/* End PBXSourcesBuildPhase section */

/* Begin PBXVariantGroup section */
		8B03F22A17DA603100851139 /* InfoPlist.strings */ = {
			isa = PBXVariantGroup;
			children = (
				8B03F22B17DA603100851139 /* en */,
			);
			name = InfoPlist.strings;
			sourceTree = "<group>";
		};
		8B03F23C17DA603200851139 /* menuViewController_iPhone.xib */ = {
			isa = PBXVariantGroup;
			children = (
				8B03F23D17DA603200851139 /* en */,
			);
			name = menuViewController_iPhone.xib;
			sourceTree = "<group>";
		};
		8B03F23F17DA603200851139 /* menuViewController_iPad.xib */ = {
			isa = PBXVariantGroup;
			children = (
				8B03F24017DA603200851139 /* en */,
			);
			name = menuViewController_iPad.xib;
			sourceTree = "<group>";
		};
/* End PBXVariantGroup section */

/* Begin XCBuildConfiguration section */
		8B03F24217DA603200851139 /* Debug */ = {
			isa = XCBuildConfiguration;
			buildSettings = {
				ALWAYS_SEARCH_USER_PATHS = NO;
				CLANG_CXX_LANGUAGE_STANDARD = "gnu++0x";
				CLANG_CXX_LIBRARY = "libc++";
				CLANG_ENABLE_OBJC_ARC = YES;
				CLANG_WARN_CONSTANT_CONVERSION = YES;
				CLANG_WARN_EMPTY_BODY = YES;
				CLANG_WARN_ENUM_CONVERSION = YES;
				CLANG_WARN_INT_CONVERSION = YES;
				CLANG_WARN__DUPLICATE_METHOD_MATCH = YES;
				"CODE_SIGN_IDENTITY[sdk=iphoneos*]" = "iPhone Developer";
				COPY_PHASE_STRIP = NO;
				GCC_C_LANGUAGE_STANDARD = gnu99;
				GCC_DYNAMIC_NO_PIC = NO;
				GCC_OPTIMIZATION_LEVEL = 0;
				GCC_PREPROCESSOR_DEFINITIONS = (
					"DEBUG=1",
					"$(inherited)",
				);
				GCC_SYMBOLS_PRIVATE_EXTERN = NO;
				GCC_WARN_ABOUT_RETURN_TYPE = YES;
				GCC_WARN_UNINITIALIZED_AUTOS = YES;
				GCC_WARN_UNUSED_VARIABLE = YES;
				IPHONEOS_DEPLOYMENT_TARGET = 6.1;
				ONLY_ACTIVE_ARCH = YES;
				SDKROOT = iphoneos;
				TARGETED_DEVICE_FAMILY = "1,2";
			};
			name = Debug;
		};
		8B03F24317DA603200851139 /* Release */ = {
			isa = XCBuildConfiguration;
			buildSettings = {
				ALWAYS_SEARCH_USER_PATHS = NO;
				CLANG_CXX_LANGUAGE_STANDARD = "gnu++0x";
				CLANG_CXX_LIBRARY = "libc++";
				CLANG_ENABLE_OBJC_ARC = YES;
				CLANG_WARN_CONSTANT_CONVERSION = YES;
				CLANG_WARN_EMPTY_BODY = YES;
				CLANG_WARN_ENUM_CONVERSION = YES;
				CLANG_WARN_INT_CONVERSION = YES;
				CLANG_WARN__DUPLICATE_METHOD_MATCH = YES;
				"CODE_SIGN_IDENTITY[sdk=iphoneos*]" = "iPhone Developer";
				COPY_PHASE_STRIP = YES;
				GCC_C_LANGUAGE_STANDARD = gnu99;
				GCC_WARN_ABOUT_RETURN_TYPE = YES;
				GCC_WARN_UNINITIALIZED_AUTOS = YES;
				GCC_WARN_UNUSED_VARIABLE = YES;
				IPHONEOS_DEPLOYMENT_TARGET = 6.1;
				OTHER_CFLAGS = "-DNS_BLOCK_ASSERTIONS=1";
				SDKROOT = iphoneos;
				TARGETED_DEVICE_FAMILY = "1,2";
				VALIDATE_PRODUCT = YES;
			};
			name = Release;
		};
		8B03F24517DA603200851139 /* Debug */ = {
			isa = XCBuildConfiguration;
			buildSettings = {
				GCC_PRECOMPILE_PREFIX_HEADER = YES;
				GCC_PREFIX_HEADER = "FrontTableView/FrontTableView-Prefix.pch";
				INFOPLIST_FILE = "FrontTableView/FrontTableView-Info.plist";
				PRODUCT_NAME = "$(TARGET_NAME)";
				WRAPPER_EXTENSION = app;
			};
			name = Debug;
		};
		8B03F24617DA603200851139 /* Release */ = {
			isa = XCBuildConfiguration;
			buildSettings = {
				GCC_PRECOMPILE_PREFIX_HEADER = YES;
				GCC_PREFIX_HEADER = "FrontTableView/FrontTableView-Prefix.pch";
				INFOPLIST_FILE = "FrontTableView/FrontTableView-Info.plist";
				PRODUCT_NAME = "$(TARGET_NAME)";
				WRAPPER_EXTENSION = app;
			};
			name = Release;
		};
/* End XCBuildConfiguration section */

/* Begin XCConfigurationList section */
		8B03F21917DA603100851139 /* Build configuration list for PBXProject "FrontTableView" */ = {
			isa = XCConfigurationList;
			buildConfigurations = (
				8B03F24217DA603200851139 /* Debug */,
				8B03F24317DA603200851139 /* Release */,
			);
			defaultConfigurationIsVisible = 0;
			defaultConfigurationName = Release;
		};
		8B03F24417DA603200851139 /* Build configuration list for PBXNativeTarget "FrontTableView" */ = {
			isa = XCConfigurationList;
			buildConfigurations = (
				8B03F24517DA603200851139 /* Debug */,
				8B03F24617DA603200851139 /* Release */,
			);
			defaultConfigurationIsVisible = 0;
		};
/* End XCConfigurationList section */
	};
	rootObject = 8B03F21617DA603100851139 /* Project object */;
}
